
Microsoft Visual Studio Solution File, Format Version 12.00
# Visual Studio Version 17
VisualStudioVersion = 17.1.32210.238
MinimumVisualStudioVersion = 10.0.40219.1
Project("{FAE04EC0-301F-11D3-BF4B-00C04F79EFBC}") = "TechChallenge1", "TechChallenge1\TechChallenge1.csproj", "{265DC3EC-56AC-4652-8DCA-617AD3F8DF21}"
EndProject
Global
	GlobalSection(SolutionConfigurationPlatforms) = preSolution
		Debug|Any CPU = Debug|Any CPU
		Release|Any CPU = Release|Any CPU
	EndGlobalSection
	GlobalSection(ProjectConfigurationPlatforms) = postSolution
		{265DC3EC-56AC-4652-8DCA-617AD3F8DF21}.Debug|Any CPU.ActiveCfg = Debug|Any CPU
		{265DC3EC-56AC-4652-8DCA-617AD3F8DF21}.Debug|Any CPU.Build.0 = Debug|Any CPU
		{265DC3EC-56AC-4652-8DCA-617AD3F8DF21}.Release|Any CPU.ActiveCfg = Release|Any CPU
		{265DC3EC-56AC-4652-8DCA-617AD3F8DF21}.Release|Any CPU.Build.0 = Release|Any CPU
	EndGlobalSection
	GlobalSection(SolutionProperties) = preSolution
		HideSolutionNode = FALSE
	EndGlobalSection
	GlobalSection(ExtensibilityGlobals) = postSolution
		SolutionGuid = {D0070817-FCB6-4695-B061-430422312DB3}
	EndGlobalSection
EndGlobal
